
Microsoft Visual Studio Solution File, Format Version 12.00
# Visual Studio Version 16
VisualStudioVersion = 16.0.31702.278
MinimumVisualStudioVersion = 10.0.40219.1
Project("{FAE04EC0-301F-11D3-BF4B-00C04F79EFBC}") = "CSTP2104", "CSTP2104\CSTP2104.csproj", "{0AC9AE6D-055E-495D-851E-A609249AAD63}"
EndProject
Global
	GlobalSection(SolutionConfigurationPlatforms) = preSolution
		Debug|Any CPU = Debug|Any CPU
		Release|Any CPU = Release|Any CPU
	EndGlobalSection
	GlobalSection(ProjectConfigurationPlatforms) = postSolution
		{0AC9AE6D-055E-495D-851E-A609249AAD63}.Debug|Any CPU.ActiveCfg = Debug|Any CPU
		{0AC9AE6D-055E-495D-851E-A609249AAD63}.Debug|Any CPU.Build.0 = Debug|Any CPU
		{0AC9AE6D-055E-495D-851E-A609249AAD63}.Release|Any CPU.ActiveCfg = Release|Any CPU
		{0AC9AE6D-055E-495D-851E-A609249AAD63}.Release|Any CPU.Build.0 = Release|Any CPU
	EndGlobalSection
	GlobalSection(SolutionProperties) = preSolution
		HideSolutionNode = FALSE
	EndGlobalSection
	GlobalSection(ExtensibilityGlobals) = postSolution
		SolutionGuid = {880CAF71-16D6-489D-9C55-91A4955CE652}
	EndGlobalSection
EndGlobal
