
Microsoft Visual Studio Solution File, Format Version 12.00
# Visual Studio Version 16
VisualStudioVersion = 16.0.31702.278
MinimumVisualStudioVersion = 10.0.40219.1
Project("{9A19103F-16F7-4668-BE54-9A1E7A4F7556}") = "CSTP2104", "CSTP2104\CSTP2104.csproj", "{0AC9AE6D-055E-495D-851E-A609249AAD63}"
EndProject
Project("{2150E333-8FDC-42A3-9474-1A3956D46DE8}") = "Student_Proj", "Student_Proj", "{74188D51-FCCA-4369-99D2-B059745446A9}"
EndProject
Project("{9A19103F-16F7-4668-BE54-9A1E7A4F7556}") = "StudentCoopBL", "StudentCoopBL\StudentCoopBL.csproj", "{6B2CCF6F-A05B-4A03-A779-C49F3299F214}"
EndProject
Project("{9A19103F-16F7-4668-BE54-9A1E7A4F7556}") = "StudentCoopCommon", "StudentCoopCommon\StudentCoopCommon.csproj", "{08CDE53F-3970-48DE-B541-B133952199B9}"
EndProject
Project("{9A19103F-16F7-4668-BE54-9A1E7A4F7556}") = "StudentCoopDal", "StudentCoopDal\StudentCoopDal.csproj", "{56795A06-0413-440B-B5E1-98861C2ECF17}"
EndProject
Project("{FAE04EC0-301F-11D3-BF4B-00C04F79EFBC}") = "StudentCoopUil", "StudentCoopUil\StudentCoopUil.csproj", "{EC1FACDC-CAF3-4AA0-AD85-CE566000A478}"
EndProject
Global
	GlobalSection(SolutionConfigurationPlatforms) = preSolution
		Debug|Any CPU = Debug|Any CPU
		Release|Any CPU = Release|Any CPU
	EndGlobalSection
	GlobalSection(ProjectConfigurationPlatforms) = postSolution
		{0AC9AE6D-055E-495D-851E-A609249AAD63}.Debug|Any CPU.ActiveCfg = Debug|Any CPU
		{0AC9AE6D-055E-495D-851E-A609249AAD63}.Debug|Any CPU.Build.0 = Debug|Any CPU
		{0AC9AE6D-055E-495D-851E-A609249AAD63}.Release|Any CPU.ActiveCfg = Release|Any CPU
		{0AC9AE6D-055E-495D-851E-A609249AAD63}.Release|Any CPU.Build.0 = Release|Any CPU
		{6B2CCF6F-A05B-4A03-A779-C49F3299F214}.Debug|Any CPU.ActiveCfg = Debug|Any CPU
		{6B2CCF6F-A05B-4A03-A779-C49F3299F214}.Debug|Any CPU.Build.0 = Debug|Any CPU
		{6B2CCF6F-A05B-4A03-A779-C49F3299F214}.Release|Any CPU.ActiveCfg = Release|Any CPU
		{6B2CCF6F-A05B-4A03-A779-C49F3299F214}.Release|Any CPU.Build.0 = Release|Any CPU
		{08CDE53F-3970-48DE-B541-B133952199B9}.Debug|Any CPU.ActiveCfg = Debug|Any CPU
		{08CDE53F-3970-48DE-B541-B133952199B9}.Debug|Any CPU.Build.0 = Debug|Any CPU
		{08CDE53F-3970-48DE-B541-B133952199B9}.Release|Any CPU.ActiveCfg = Release|Any CPU
		{08CDE53F-3970-48DE-B541-B133952199B9}.Release|Any CPU.Build.0 = Release|Any CPU
		{56795A06-0413-440B-B5E1-98861C2ECF17}.Debug|Any CPU.ActiveCfg = Debug|Any CPU
		{56795A06-0413-440B-B5E1-98861C2ECF17}.Debug|Any CPU.Build.0 = Debug|Any CPU
		{56795A06-0413-440B-B5E1-98861C2ECF17}.Release|Any CPU.ActiveCfg = Release|Any CPU
		{56795A06-0413-440B-B5E1-98861C2ECF17}.Release|Any CPU.Build.0 = Release|Any CPU
		{EC1FACDC-CAF3-4AA0-AD85-CE566000A478}.Debug|Any CPU.ActiveCfg = Debug|Any CPU
		{EC1FACDC-CAF3-4AA0-AD85-CE566000A478}.Debug|Any CPU.Build.0 = Debug|Any CPU
		{EC1FACDC-CAF3-4AA0-AD85-CE566000A478}.Release|Any CPU.ActiveCfg = Release|Any CPU
		{EC1FACDC-CAF3-4AA0-AD85-CE566000A478}.Release|Any CPU.Build.0 = Release|Any CPU
	EndGlobalSection
	GlobalSection(SolutionProperties) = preSolution
		HideSolutionNode = FALSE
	EndGlobalSection
	GlobalSection(NestedProjects) = preSolution
		{6B2CCF6F-A05B-4A03-A779-C49F3299F214} = {74188D51-FCCA-4369-99D2-B059745446A9}
		{08CDE53F-3970-48DE-B541-B133952199B9} = {74188D51-FCCA-4369-99D2-B059745446A9}
		{56795A06-0413-440B-B5E1-98861C2ECF17} = {74188D51-FCCA-4369-99D2-B059745446A9}
		{EC1FACDC-CAF3-4AA0-AD85-CE566000A478} = {74188D51-FCCA-4369-99D2-B059745446A9}
	EndGlobalSection
	GlobalSection(ExtensibilityGlobals) = postSolution
		SolutionGuid = {880CAF71-16D6-489D-9C55-91A4955CE652}
	EndGlobalSection
EndGlobal
