
Microsoft Visual Studio Solution File, Format Version 12.00
# Visual Studio Version 16
VisualStudioVersion = 16.0.31702.278
MinimumVisualStudioVersion = 10.0.40219.1
Project("{9A19103F-16F7-4668-BE54-9A1E7A4F7556}") = "CSTP2104", "CSTP2104\CSTP2104.csproj", "{0AC9AE6D-055E-495D-851E-A609249AAD63}"
EndProject
Project("{2150E333-8FDC-42A3-9474-1A3956D46DE8}") = "Student_Proj", "Student_Proj", "{74188D51-FCCA-4369-99D2-B059745446A9}"
EndProject
Project("{FAE04EC0-301F-11D3-BF4B-00C04F79EFBC}") = "StudentCoopDal", "StudentCoopDal\StudentCoopDal.csproj", "{20B9AFE9-0C49-47E9-8A8A-B8858FEF1846}"
EndProject
Project("{FAE04EC0-301F-11D3-BF4B-00C04F79EFBC}") = "StudentCoopBL", "StudentCoopBL\StudentCoopBL.csproj", "{695ADDD2-4974-4C0F-85E9-BCD2D11D83D2}"
EndProject
Project("{FAE04EC0-301F-11D3-BF4B-00C04F79EFBC}") = "StudentCoopApp", "StudentCoopApp\StudentCoopApp.csproj", "{E45E8C4B-1B1B-4EB1-BCE6-59C3B97C9DB9}"
EndProject
Project("{FAE04EC0-301F-11D3-BF4B-00C04F79EFBC}") = "StudentCoopCommon", "StudentCoopCommon\StudentCoopCommon.csproj", "{6234FB75-0DF8-4273-8D85-D2E46845BCDA}"
EndProject
Global
	GlobalSection(SolutionConfigurationPlatforms) = preSolution
		Debug|Any CPU = Debug|Any CPU
		Release|Any CPU = Release|Any CPU
	EndGlobalSection
	GlobalSection(ProjectConfigurationPlatforms) = postSolution
		{0AC9AE6D-055E-495D-851E-A609249AAD63}.Debug|Any CPU.ActiveCfg = Debug|Any CPU
		{0AC9AE6D-055E-495D-851E-A609249AAD63}.Debug|Any CPU.Build.0 = Debug|Any CPU
		{0AC9AE6D-055E-495D-851E-A609249AAD63}.Release|Any CPU.ActiveCfg = Release|Any CPU
		{0AC9AE6D-055E-495D-851E-A609249AAD63}.Release|Any CPU.Build.0 = Release|Any CPU
		{20B9AFE9-0C49-47E9-8A8A-B8858FEF1846}.Debug|Any CPU.ActiveCfg = Debug|Any CPU
		{20B9AFE9-0C49-47E9-8A8A-B8858FEF1846}.Debug|Any CPU.Build.0 = Debug|Any CPU
		{20B9AFE9-0C49-47E9-8A8A-B8858FEF1846}.Release|Any CPU.ActiveCfg = Release|Any CPU
		{20B9AFE9-0C49-47E9-8A8A-B8858FEF1846}.Release|Any CPU.Build.0 = Release|Any CPU
		{695ADDD2-4974-4C0F-85E9-BCD2D11D83D2}.Debug|Any CPU.ActiveCfg = Debug|Any CPU
		{695ADDD2-4974-4C0F-85E9-BCD2D11D83D2}.Debug|Any CPU.Build.0 = Debug|Any CPU
		{695ADDD2-4974-4C0F-85E9-BCD2D11D83D2}.Release|Any CPU.ActiveCfg = Release|Any CPU
		{695ADDD2-4974-4C0F-85E9-BCD2D11D83D2}.Release|Any CPU.Build.0 = Release|Any CPU
		{E45E8C4B-1B1B-4EB1-BCE6-59C3B97C9DB9}.Debug|Any CPU.ActiveCfg = Debug|Any CPU
		{E45E8C4B-1B1B-4EB1-BCE6-59C3B97C9DB9}.Debug|Any CPU.Build.0 = Debug|Any CPU
		{E45E8C4B-1B1B-4EB1-BCE6-59C3B97C9DB9}.Release|Any CPU.ActiveCfg = Release|Any CPU
		{E45E8C4B-1B1B-4EB1-BCE6-59C3B97C9DB9}.Release|Any CPU.Build.0 = Release|Any CPU
		{6234FB75-0DF8-4273-8D85-D2E46845BCDA}.Debug|Any CPU.ActiveCfg = Debug|Any CPU
		{6234FB75-0DF8-4273-8D85-D2E46845BCDA}.Debug|Any CPU.Build.0 = Debug|Any CPU
		{6234FB75-0DF8-4273-8D85-D2E46845BCDA}.Release|Any CPU.ActiveCfg = Release|Any CPU
		{6234FB75-0DF8-4273-8D85-D2E46845BCDA}.Release|Any CPU.Build.0 = Release|Any CPU
	EndGlobalSection
	GlobalSection(SolutionProperties) = preSolution
		HideSolutionNode = FALSE
	EndGlobalSection
	GlobalSection(NestedProjects) = preSolution
		{20B9AFE9-0C49-47E9-8A8A-B8858FEF1846} = {74188D51-FCCA-4369-99D2-B059745446A9}
		{695ADDD2-4974-4C0F-85E9-BCD2D11D83D2} = {74188D51-FCCA-4369-99D2-B059745446A9}
		{E45E8C4B-1B1B-4EB1-BCE6-59C3B97C9DB9} = {74188D51-FCCA-4369-99D2-B059745446A9}
		{6234FB75-0DF8-4273-8D85-D2E46845BCDA} = {74188D51-FCCA-4369-99D2-B059745446A9}
	EndGlobalSection
	GlobalSection(ExtensibilityGlobals) = postSolution
		SolutionGuid = {880CAF71-16D6-489D-9C55-91A4955CE652}
	EndGlobalSection
EndGlobal
